PODS:
  - Alamofire (5.0.5)
  - MBProgressHUD (1.2.0)
  - Moya (14.0.0):
    - Moya/Core (= 14.0.0)
  - Moya/Core (14.0.0):
    - Alamofire (~> 5.0)
  - SDWebImage (5.7.0):
    - SDWebImage/Core (= 5.7.0)
  - SDWebImage/Core (5.7.0)
  - SnapKit (5.0.1)

DEPENDENCIES:
  - MBProgressHUD (~> 1.2.0)
  - Moya (~> 14.0)
  - SDWebImage (~> 5.0)
  - SnapKit (~> 5.0.0)

SPEC REPOS:
  trunk:
    - Alamofire
    - MBProgressHUD
    - Moya
    - SDWebImage
    - SnapKit

SPEC CHECKSUMS:
  Alamofire: df2f8f826963b08b9a870791ad48e07a10090b2e
  MBProgressHUD: 3ee5efcc380f6a79a7cc9b363dd669c5e1ae7406
  Moya: 5b45dacb75adb009f97fde91c204c1e565d31916
  SDWebImage: a99471f452bdfa0ca52ddf5b1adf2b61cab1d1eb
  SnapKit: 97b92857e3df3a0c71833cce143274bf6ef8e5eb

PODFILE CHECKSUM: 27f0e3a28f6d23dc091f191ebdb58256810dc5e3

COCOAPODS: 1.9.1
